
Microsoft Visual Studio Solution File, Format Version 12.00
# Visual Studio 14
VisualStudioVersion = 14.0.25123.0
MinimumVisualStudioVersion = 10.0.40219.1
Project("{FAE04EC0-301F-11D3-BF4B-00C04F79EFBC}") = "TexasTest", "TexasTest\TexasTest.csproj", "{88EF883A-CA12-43DE-94DE-8D6A6A6CC540}"
EndProject
Project("{FAE04EC0-301F-11D3-BF4B-00C04F79EFBC}") = "Tests", "Tests\Tests.csproj", "{DED3CF0F-6BE5-47BE-B812-1D67135DC860}"
EndProject
Global
	GlobalSection(SolutionConfigurationPlatforms) = preSolution
		Debug|Any CPU = Debug|Any CPU
		Release|Any CPU = Release|Any CPU
	EndGlobalSection
	GlobalSection(ProjectConfigurationPlatforms) = postSolution
		{88EF883A-CA12-43DE-94DE-8D6A6A6CC540}.Debug|Any CPU.ActiveCfg = Debug|Any CPU
		{88EF883A-CA12-43DE-94DE-8D6A6A6CC540}.Debug|Any CPU.Build.0 = Debug|Any CPU
		{88EF883A-CA12-43DE-94DE-8D6A6A6CC540}.Release|Any CPU.ActiveCfg = Release|Any CPU
		{88EF883A-CA12-43DE-94DE-8D6A6A6CC540}.Release|Any CPU.Build.0 = Release|Any CPU
		{DED3CF0F-6BE5-47BE-B812-1D67135DC860}.Debug|Any CPU.ActiveCfg = Debug|Any CPU
		{DED3CF0F-6BE5-47BE-B812-1D67135DC860}.Debug|Any CPU.Build.0 = Debug|Any CPU
		{DED3CF0F-6BE5-47BE-B812-1D67135DC860}.Release|Any CPU.ActiveCfg = Release|Any CPU
		{DED3CF0F-6BE5-47BE-B812-1D67135DC860}.Release|Any CPU.Build.0 = Release|Any CPU
	EndGlobalSection
	GlobalSection(SolutionProperties) = preSolution
		HideSolutionNode = FALSE
	EndGlobalSection
EndGlobal
